
Microsoft Visual Studio Solution File, Format Version 12.00
# Visual Studio Version 17
VisualStudioVersion = 17.4.33122.133
MinimumVisualStudioVersion = 10.0.40219.1
Project("{FAE04EC0-301F-11D3-BF4B-00C04F79EFBC}") = "TESTING", "TESTING\TESTING.csproj", "{158DD6C5-5C2C-4CDA-B711-E04D0C224C90}"
EndProject
Global
	GlobalSection(SolutionConfigurationPlatforms) = preSolution
		Debug|Any CPU = Debug|Any CPU
		Release|Any CPU = Release|Any CPU
	EndGlobalSection
	GlobalSection(ProjectConfigurationPlatforms) = postSolution
		{158DD6C5-5C2C-4CDA-B711-E04D0C224C90}.Debug|Any CPU.ActiveCfg = Debug|Any CPU
		{158DD6C5-5C2C-4CDA-B711-E04D0C224C90}.Debug|Any CPU.Build.0 = Debug|Any CPU
		{158DD6C5-5C2C-4CDA-B711-E04D0C224C90}.Release|Any CPU.ActiveCfg = Release|Any CPU
		{158DD6C5-5C2C-4CDA-B711-E04D0C224C90}.Release|Any CPU.Build.0 = Release|Any CPU
	EndGlobalSection
	GlobalSection(SolutionProperties) = preSolution
		HideSolutionNode = FALSE
	EndGlobalSection
	GlobalSection(ExtensibilityGlobals) = postSolution
		SolutionGuid = {9BF5CED2-A8F2-43D9-B48A-87C7E2ADCC9E}
	EndGlobalSection
EndGlobal
